// !$*UTF8*$!
{
	archiveVersion = 1;
	classes = {
	};
	objectVersion = 50;
	objects = {

/* Begin PBXBuildFile section */
		8D2EDA96259CBCE5009519B6 /* Tests_iOS.swift in Sources */ = {isa = PBXBuildFile; fileRef = 8D2EDA95259CBCE5009519B6 /* Tests_iOS.swift */; };
		8D2EDAA1259CBCE5009519B6 /* Tests_macOS.swift in Sources */ = {isa = PBXBuildFile; fileRef = 8D2EDAA0259CBCE5009519B6 /* Tests_macOS.swift */; };
		8D2EDAA3259CBCE5009519B6 /* helloWorld.xcdatamodeld in Sources */ = {isa = PBXBuildFile; fileRef = 8D2EDA77259CBCE4009519B6 /* helloWorld.xcdatamodeld */; };
		8D2EDAA4259CBCE5009519B6 /* helloWorld.xcdatamodeld in Sources */ = {isa = PBXBuildFile; fileRef = 8D2EDA77259CBCE4009519B6 /* helloWorld.xcdatamodeld */; };
		8D2EDAA5259CBCE5009519B6 /* helloWorldApp.swift in Sources */ = {isa = PBXBuildFile; fileRef = 8D2EDA79259CBCE4009519B6 /* helloWorldApp.swift */; };
		8D2EDAA6259CBCE5009519B6 /* helloWorldApp.swift in Sources */ = {isa = PBXBuildFile; fileRef = 8D2EDA79259CBCE4009519B6 /* helloWorldApp.swift */; };
		8D2EDAA7259CBCE5009519B6 /* ContentView.swift in Sources */ = {isa = PBXBuildFile; fileRef = 8D2EDA7A259CBCE4009519B6 /* ContentView.swift */; };
		8D2EDAA8259CBCE5009519B6 /* ContentView.swift in Sources */ = {isa = PBXBuildFile; fileRef = 8D2EDA7A259CBCE4009519B6 /* ContentView.swift */; };
		8D2EDAA9259CBCE5009519B6 /* Persistence.swift in Sources */ = {isa = PBXBuildFile; fileRef = 8D2EDA7B259CBCE4009519B6 /* Persistence.swift */; };
		8D2EDAAA259CBCE5009519B6 /* Persistence.swift in Sources */ = {isa = PBXBuildFile; fileRef = 8D2EDA7B259CBCE4009519B6 /* Persistence.swift */; };
		8D2EDAAB259CBCE5009519B6 /* Assets.xcassets in Resources */ = {isa = PBXBuildFile; fileRef = 8D2EDA7C259CBCE5009519B6 /* Assets.xcassets */; };
		8D2EDAAC259CBCE5009519B6 /* Assets.xcassets in Resources */ = {isa = PBXBuildFile; fileRef = 8D2EDA7C259CBCE5009519B6 /* Assets.xcassets */; };
/* End PBXBuildFile section */

/* Begin PBXContainerItemProxy section */
		8D2EDA92259CBCE5009519B6 /* PBXContainerItemProxy */ = {
			isa = PBXContainerItemProxy;
			containerPortal = 8D2EDA72259CBCE4009519B6 /* Project object */;
			proxyType = 1;
			remoteGlobalIDString = 8D2EDA80259CBCE5009519B6;
			remoteInfo = "helloWorld (iOS)";
		};
		8D2EDA9D259CBCE5009519B6 /* PBXContainerItemProxy */ = {
			isa = PBXContainerItemProxy;
			containerPortal = 8D2EDA72259CBCE4009519B6 /* Project object */;
			proxyType = 1;
			remoteGlobalIDString = 8D2EDA88259CBCE5009519B6;
			remoteInfo = "helloWorld (macOS)";
		};
/* End PBXContainerItemProxy section */

/* Begin PBXFileReference section */
		8D2EDA78259CBCE4009519B6 /* Shared.xcdatamodel */ = {isa = PBXFileReference; lastKnownFileType = wrapper.xcdatamodel; path = Shared.xcdatamodel; sourceTree = "<group>"; };
		8D2EDA79259CBCE4009519B6 /* helloWorldApp.swift */ = {isa = PBXFileReference; lastKnownFileType = sourcecode.swift; path = helloWorldApp.swift; sourceTree = "<group>"; };
		8D2EDA7A259CBCE4009519B6 /* ContentView.swift */ = {isa = PBXFileReference; lastKnownFileType = sourcecode.swift; path = ContentView.swift; sourceTree = "<group>"; };
		8D2EDA7B259CBCE4009519B6 /* Persistence.swift */ = {isa = PBXFileReference; lastKnownFileType = sourcecode.swift; path = Persistence.swift; sourceTree = "<group>"; };
		8D2EDA7C259CBCE5009519B6 /* Assets.xcassets */ = {isa = PBXFileReference; lastKnownFileType = folder.assetcatalog; path = Assets.xcassets; sourceTree = "<group>"; };
		8D2EDA81259CBCE5009519B6 /* helloWorld.app */ = {isa = PBXFileReference; explicitFileType = wrapper.application; includeInIndex = 0; path = helloWorld.app; sourceTree = BUILT_PRODUCTS_DIR; };
		8D2EDA84259CBCE5009519B6 /* Info.plist */ = {isa = PBXFileReference; lastKnownFileType = text.plist.xml; path = Info.plist; sourceTree = "<group>"; };
		8D2EDA89259CBCE5009519B6 /* helloWorld.app */ = {isa = PBXFileReference; explicitFileType = wrapper.application; includeInIndex = 0; path = helloWorld.app; sourceTree = BUILT_PRODUCTS_DIR; };
		8D2EDA8B259CBCE5009519B6 /* Info.plist */ = {isa = PBXFileReference; lastKnownFileType = text.plist.xml; path = Info.plist; sourceTree = "<group>"; };
		8D2EDA8C259CBCE5009519B6 /* macOS.entitlements */ = {isa = PBXFileReference; lastKnownFileType = text.plist.entitlements; path = macOS.entitlements; sourceTree = "<group>"; };
		8D2EDA91259CBCE5009519B6 /* Tests iOS.xctest */ = {isa = PBXFileReference; explicitFileType = wrapper.cfbundle; includeInIndex = 0; path = "Tests iOS.xctest"; sourceTree = BUILT_PRODUCTS_DIR; };
		8D2EDA95259CBCE5009519B6 /* Tests_iOS.swift */ = {isa = PBXFileReference; lastKnownFileType = sourcecode.swift; path = Tests_iOS.swift; sourceTree = "<group>"; };
		8D2EDA97259CBCE5009519B6 /* Info.plist */ = {isa = PBXFileReference; lastKnownFileType = text.plist.xml; path = Info.plist; sourceTree = "<group>"; };
		8D2EDA9C259CBCE5009519B6 /* Tests macOS.xctest */ = {isa = PBXFileReference; explicitFileType = wrapper.cfbundle; includeInIndex = 0; path = "Tests macOS.xctest"; sourceTree = BUILT_PRODUCTS_DIR; };
		8D2EDAA0259CBCE5009519B6 /* Tests_macOS.swift */ = {isa = PBXFileReference; lastKnownFileType = sourcecode.swift; path = Tests_macOS.swift; sourceTree = "<group>"; };
		8D2EDAA2259CBCE5009519B6 /* Info.plist */ = {isa = PBXFileReference; lastKnownFileType = text.plist.xml; path = Info.plist; sourceTree = "<group>"; };
/* End PBXFileReference section */

/* Begin PBXFrameworksBuildPhase section */
		8D2EDA7E259CBCE5009519B6 /* Frameworks */ = {
			isa = PBXFrameworksBuildPhase;
			buildActionMask = 2147483647;
			files = (
			);
			runOnlyForDeploymentPostprocessing = 0;
		};
		8D2EDA86259CBCE5009519B6 /* Frameworks */ = {
			isa = PBXFrameworksBuildPhase;
			buildActionMask = 2147483647;
			files = (
			);
			runOnlyForDeploymentPostprocessing = 0;
		};
		8D2EDA8E259CBCE5009519B6 /* Frameworks */ = {
			isa = PBXFrameworksBuildPhase;
			buildActionMask = 2147483647;
			files = (
			);
			runOnlyForDeploymentPostprocessing = 0;
		};
		8D2EDA99259CBCE5009519B6 /* Frameworks */ = {
			isa = PBXFrameworksBuildPhase;
			buildActionMask = 2147483647;
			files = (
			);
			runOnlyForDeploymentPostprocessing = 0;
		};
/* End PBXFrameworksBuildPhase section */

/* Begin PBXGroup section */
		8D2EDA71259CBCE4009519B6 = {
			isa = PBXGroup;
			children = (
				8D2EDA76259CBCE4009519B6 /* Shared */,
				8D2EDA83259CBCE5009519B6 /* iOS */,
				8D2EDA8A259CBCE5009519B6 /* macOS */,
				8D2EDA94259CBCE5009519B6 /* Tests iOS */,
				8D2EDA9F259CBCE5009519B6 /* Tests macOS */,
				8D2EDA82259CBCE5009519B6 /* Products */,
			);
			sourceTree = "<group>";
		};
		8D2EDA76259CBCE4009519B6 /* Shared */ = {
			isa = PBXGroup;
			children = (
				8D2EDA79259CBCE4009519B6 /* helloWorldApp.swift */,
				8D2EDA7A259CBCE4009519B6 /* ContentView.swift */,
				8D2EDA7B259CBCE4009519B6 /* Persistence.swift */,
				8D2EDA7C259CBCE5009519B6 /* Assets.xcassets */,
				8D2EDA77259CBCE4009519B6 /* helloWorld.xcdatamodeld */,
			);
			path = Shared;
			sourceTree = "<group>";
		};
		8D2EDA82259CBCE5009519B6 /* Products */ = {
			isa = PBXGroup;
			children = (
				8D2EDA81259CBCE5009519B6 /* helloWorld.app */,
				8D2EDA89259CBCE5009519B6 /* helloWorld.app */,
				8D2EDA91259CBCE5009519B6 /* Tests iOS.xctest */,
				8D2EDA9C259CBCE5009519B6 /* Tests macOS.xctest */,
			);
			name = Products;
			sourceTree = "<group>";
		};
		8D2EDA83259CBCE5009519B6 /* iOS */ = {
			isa = PBXGroup;
			children = (
				8D2EDA84259CBCE5009519B6 /* Info.plist */,
			);
			path = iOS;
			sourceTree = "<group>";
		};
		8D2EDA8A259CBCE5009519B6 /* macOS */ = {
			isa = PBXGroup;
			children = (
				8D2EDA8B259CBCE5009519B6 /* Info.plist */,
				8D2EDA8C259CBCE5009519B6 /* macOS.entitlements */,
			);
			path = macOS;
			sourceTree = "<group>";
		};
		8D2EDA94259CBCE5009519B6 /* Tests iOS */ = {
			isa = PBXGroup;
			children = (
				8D2EDA95259CBCE5009519B6 /* Tests_iOS.swift */,
				8D2EDA97259CBCE5009519B6 /* Info.plist */,
			);
			path = "Tests iOS";
			sourceTree = "<group>";
		};
		8D2EDA9F259CBCE5009519B6 /* Tests macOS */ = {
			isa = PBXGroup;
			children = (
				8D2EDAA0259CBCE5009519B6 /* Tests_macOS.swift */,
				8D2EDAA2259CBCE5009519B6 /* Info.plist */,
			);
			path = "Tests macOS";
			sourceTree = "<group>";
		};
/* End PBXGroup section */

/* Begin PBXNativeTarget section */
		8D2EDA80259CBCE5009519B6 /* helloWorld (iOS) */ = {
			isa = PBXNativeTarget;
			buildConfigurationList = 8D2EDAAF259CBCE5009519B6 /* Build configuration list for PBXNativeTarget "helloWorld (iOS)" */;
			buildPhases = (
				8D2EDA7D259CBCE5009519B6 /* Sources */,
				8D2EDA7E259CBCE5009519B6 /* Frameworks */,
				8D2EDA7F259CBCE5009519B6 /* Resources */,
			);
			buildRules = (
			);
			dependencies = (
			);
			name = "helloWorld (iOS)";
			productName = "helloWorld (iOS)";
			productReference = 8D2EDA81259CBCE5009519B6 /* helloWorld.app */;
			productType = "com.apple.product-type.application";
		};
		8D2EDA88259CBCE5009519B6 /* helloWorld (macOS) */ = {
			isa = PBXNativeTarget;
			buildConfigurationList = 8D2EDAB2259CBCE5009519B6 /* Build configuration list for PBXNativeTarget "helloWorld (macOS)" */;
			buildPhases = (
				8D2EDA85259CBCE5009519B6 /* Sources */,
				8D2EDA86259CBCE5009519B6 /* Frameworks */,
				8D2EDA87259CBCE5009519B6 /* Resources */,
			);
			buildRules = (
			);
			dependencies = (
			);
			name = "helloWorld (macOS)";
			productName = "helloWorld (macOS)";
			productReference = 8D2EDA89259CBCE5009519B6 /* helloWorld.app */;
			productType = "com.apple.product-type.application";
		};
		8D2EDA90259CBCE5009519B6 /* Tests iOS */ = {
			isa = PBXNativeTarget;
			buildConfigurationList = 8D2EDAB5259CBCE5009519B6 /* Build configuration list for PBXNativeTarget "Tests iOS" */;
			buildPhases = (
				8D2EDA8D259CBCE5009519B6 /* Sources */,
				8D2EDA8E259CBCE5009519B6 /* Frameworks */,
				8D2EDA8F259CBCE5009519B6 /* Resources */,
			);
			buildRules = (
			);
			dependencies = (
				8D2EDA93259CBCE5009519B6 /* PBXTargetDependency */,
			);
			name = "Tests iOS";
			productName = "Tests iOS";
			productReference = 8D2EDA91259CBCE5009519B6 /* Tests iOS.xctest */;
			productType = "com.apple.product-type.bundle.ui-testing";
		};
		8D2EDA9B259CBCE5009519B6 /* Tests macOS */ = {
			isa = PBXNativeTarget;
			buildConfigurationList = 8D2EDAB8259CBCE5009519B6 /* Build configuration list for PBXNativeTarget "Tests macOS" */;
			buildPhases = (
				8D2EDA98259CBCE5009519B6 /* Sources */,
				8D2EDA99259CBCE5009519B6 /* Frameworks */,
				8D2EDA9A259CBCE5009519B6 /* Resources */,
			);
			buildRules = (
			);
			dependencies = (
				8D2EDA9E259CBCE5009519B6 /* PBXTargetDependency */,
			);
			name = "Tests macOS";
			productName = "Tests macOS";
			productReference = 8D2EDA9C259CBCE5009519B6 /* Tests macOS.xctest */;
			productType = "com.apple.product-type.bundle.ui-testing";
		};
/* End PBXNativeTarget section */

/* Begin PBXProject section */
		8D2EDA72259CBCE4009519B6 /* Project object */ = {
			isa = PBXProject;
			attributes = {
				LastSwiftUpdateCheck = 1230;
				LastUpgradeCheck = 1230;
				TargetAttributes = {
					8D2EDA80259CBCE5009519B6 = {
						CreatedOnToolsVersion = 12.3;
					};
					8D2EDA88259CBCE5009519B6 = {
						CreatedOnToolsVersion = 12.3;
					};
					8D2EDA90259CBCE5009519B6 = {
						CreatedOnToolsVersion = 12.3;
						TestTargetID = 8D2EDA80259CBCE5009519B6;
					};
					8D2EDA9B259CBCE5009519B6 = {
						CreatedOnToolsVersion = 12.3;
						TestTargetID = 8D2EDA88259CBCE5009519B6;
					};
				};
			};
			buildConfigurationList = 8D2EDA75259CBCE4009519B6 /* Build configuration list for PBXProject "helloWorld" */;
			compatibilityVersion = "Xcode 9.3";
			developmentRegion = en;
			hasScannedForEncodings = 0;
			knownRegions = (
				en,
				Base,
			);
			mainGroup = 8D2EDA71259CBCE4009519B6;
			productRefGroup = 8D2EDA82259CBCE5009519B6 /* Products */;
			projectDirPath = "";
			projectRoot = "";
			targets = (
				8D2EDA80259CBCE5009519B6 /* helloWorld (iOS) */,
				8D2EDA88259CBCE5009519B6 /* helloWorld (macOS) */,
				8D2EDA90259CBCE5009519B6 /* Tests iOS */,
				8D2EDA9B259CBCE5009519B6 /* Tests macOS */,
			);
		};
/* End PBXProject section */

/* Begin PBXResourcesBuildPhase section */
		8D2EDA7F259CBCE5009519B6 /* Resources */ = {
			isa = PBXResourcesBuildPhase;
			buildActionMask = 2147483647;
			files = (
				8D2EDAAB259CBCE5009519B6 /* Assets.xcassets in Resources */,
			);
			runOnlyForDeploymentPostprocessing = 0;
		};
		8D2EDA87259CBCE5009519B6 /* Resources */ = {
			isa = PBXResourcesBuildPhase;
			buildActionMask = 2147483647;
			files = (
				8D2EDAAC259CBCE5009519B6 /* Assets.xcassets in Resources */,
			);
			runOnlyForDeploymentPostprocessing = 0;
		};
		8D2EDA8F259CBCE5009519B6 /* Resources */ = {
			isa = PBXResourcesBuildPhase;
			buildActionMask = 2147483647;
			files = (
			);
			runOnlyForDeploymentPostprocessing = 0;
		};
		8D2EDA9A259CBCE5009519B6 /* Resources */ = {
			isa = PBXResourcesBuildPhase;
			buildActionMask = 2147483647;
			files = (
			);
			runOnlyForDeploymentPostprocessing = 0;
		};
/* End PBXResourcesBuildPhase section */

/* Begin PBXSourcesBuildPhase section */
		8D2EDA7D259CBCE5009519B6 /* Sources */ = {
			isa = PBXSourcesBuildPhase;
			buildActionMask = 2147483647;
			files = (
				8D2EDAA3259CBCE5009519B6 /* helloWorld.xcdatamodeld in Sources */,
				8D2EDAA9259CBCE5009519B6 /* Persistence.swift in Sources */,
				8D2EDAA5259CBCE5009519B6 /* helloWorldApp.swift in Sources */,
				8D2EDAA7259CBCE5009519B6 /* ContentView.swift in Sources */,
			);
			runOnlyForDeploymentPostprocessing = 0;
		};
		8D2EDA85259CBCE5009519B6 /* Sources */ = {
			isa = PBXSourcesBuildPhase;
			buildActionMask = 2147483647;
			files = (
				8D2EDAA4259CBCE5009519B6 /* helloWorld.xcdatamodeld in Sources */,
				8D2EDAAA259CBCE5009519B6 /* Persistence.swift in Sources */,
				8D2EDAA6259CBCE5009519B6 /* helloWorldApp.swift in Sources */,
				8D2EDAA8259CBCE5009519B6 /* ContentView.swift in Sources */,
			);
			runOnlyForDeploymentPostprocessing = 0;
		};
		8D2EDA8D259CBCE5009519B6 /* Sources */ = {
			isa = PBXSourcesBuildPhase;
			buildActionMask = 2147483647;
			files = (
				8D2EDA96259CBCE5009519B6 /* Tests_iOS.swift in Sources */,
			);
			runOnlyForDeploymentPostprocessing = 0;
		};
		8D2EDA98259CBCE5009519B6 /* Sources */ = {
			isa = PBXSourcesBuildPhase;
			buildActionMask = 2147483647;
			files = (
				8D2EDAA1259CBCE5009519B6 /* Tests_macOS.swift in Sources */,
			);
			runOnlyForDeploymentPostprocessing = 0;
		};
/* End PBXSourcesBuildPhase section */

/* Begin PBXTargetDependency section */
		8D2EDA93259CBCE5009519B6 /* PBXTargetDependency */ = {
			isa = PBXTargetDependency;
			target = 8D2EDA80259CBCE5009519B6 /* helloWorld (iOS) */;
			targetProxy = 8D2EDA92259CBCE5009519B6 /* PBXContainerItemProxy */;
		};
		8D2EDA9E259CBCE5009519B6 /* PBXTargetDependency */ = {
			isa = PBXTargetDependency;
			target = 8D2EDA88259CBCE5009519B6 /* helloWorld (macOS) */;
			targetProxy = 8D2EDA9D259CBCE5009519B6 /* PBXContainerItemProxy */;
		};
/* End PBXTargetDependency section */

/* Begin XCBuildConfiguration section */
		8D2EDAAD259CBCE5009519B6 /* Debug */ = {
			isa = XCBuildConfiguration;
			buildSettings = {
				ALWAYS_SEARCH_USER_PATHS = NO;
				CLANG_ANALYZER_NONNULL = YES;
				CLANG_ANALYZER_NUMBER_OBJECT_CONVERSION = YES_AGGRESSIVE;
				CLANG_CXX_LANGUAGE_STANDARD = "gnu++14";
				CLANG_CXX_LIBRARY = "libc++";
				CLANG_ENABLE_MODULES = YES;
				CLANG_ENABLE_OBJC_ARC = YES;
				CLANG_ENABLE_OBJC_WEAK = YES;
				CLANG_WARN_BLOCK_CAPTURE_AUTORELEASING = YES;
				CLANG_WARN_BOOL_CONVERSION = YES;
				CLANG_WARN_COMMA = YES;
				CLANG_WARN_CONSTANT_CONVERSION = YES;
				CLANG_WARN_DEPRECATED_OBJC_IMPLEMENTATIONS = YES;
				CLANG_WARN_DIRECT_OBJC_ISA_USAGE = YES_ERROR;
				CLANG_WARN_DOCUMENTATION_COMMENTS = YES;
				CLANG_WARN_EMPTY_BODY = YES;
				CLANG_WARN_ENUM_CONVERSION = YES;
				CLANG_WARN_INFINITE_RECURSION = YES;
				CLANG_WARN_INT_CONVERSION = YES;
				CLANG_WARN_NON_LITERAL_NULL_CONVERSION = YES;
				CLANG_WARN_OBJC_IMPLICIT_RETAIN_SELF = YES;
				CLANG_WARN_OBJC_LITERAL_CONVERSION = YES;
				CLANG_WARN_OBJC_ROOT_CLASS = YES_ERROR;
				CLANG_WARN_QUOTED_INCLUDE_IN_FRAMEWORK_HEADER = YES;
				CLANG_WARN_RANGE_LOOP_ANALYSIS = YES;
				CLANG_WARN_STRICT_PROTOTYPES = YES;
				CLANG_WARN_SUSPICIOUS_MOVE = YES;
				CLANG_WARN_UNGUARDED_AVAILABILITY = YES_AGGRESSIVE;
				CLANG_WARN_UNREACHABLE_CODE = YES;
				CLANG_WARN__DUPLICATE_METHOD_MATCH = YES;
				COPY_PHASE_STRIP = NO;
				DEBUG_INFORMATION_FORMAT = dwarf;
				ENABLE_STRICT_OBJC_MSGSEND = YES;
				ENABLE_TESTABILITY = YES;
				GCC_C_LANGUAGE_STANDARD = gnu11;
				GCC_DYNAMIC_NO_PIC = NO;
				GCC_NO_COMMON_BLOCKS = YES;
				GCC_OPTIMIZATION_LEVEL = 0;
				GCC_PREPROCESSOR_DEFINITIONS = (
					"DEBUG=1",
					"$(inherited)",
				);
				GCC_WARN_64_TO_32_BIT_CONVERSION = YES;
				GCC_WARN_ABOUT_RETURN_TYPE = YES_ERROR;
				GCC_WARN_UNDECLARED_SELECTOR = YES;
				GCC_WARN_UNINITIALIZED_AUTOS = YES_AGGRESSIVE;
				GCC_WARN_UNUSED_FUNCTION = YES;
				GCC_WARN_UNUSED_VARIABLE = YES;
				MTL_ENABLE_DEBUG_INFO = INCLUDE_SOURCE;
				MTL_FAST_MATH = YES;
				ONLY_ACTIVE_ARCH = YES;
				SWIFT_ACTIVE_COMPILATION_CONDITIONS = DEBUG;
				SWIFT_OPTIMIZATION_LEVEL = "-Onone";
			};
			name = Debug;
		};
		8D2EDAAE259CBCE5009519B6 /* Release */ = {
			isa = XCBuildConfiguration;
			buildSettings = {
				ALWAYS_SEARCH_USER_PATHS = NO;
				CLANG_ANALYZER_NONNULL = YES;
				CLANG_ANALYZER_NUMBER_OBJECT_CONVERSION = YES_AGGRESSIVE;
				CLANG_CXX_LANGUAGE_STANDARD = "gnu++14";
				CLANG_CXX_LIBRARY = "libc++";
				CLANG_ENABLE_MODULES = YES;
				CLANG_ENABLE_OBJC_ARC = YES;
				CLANG_ENABLE_OBJC_WEAK = YES;
				CLANG_WARN_BLOCK_CAPTURE_AUTORELEASING = YES;
				CLANG_WARN_BOOL_CONVERSION = YES;
				CLANG_WARN_COMMA = YES;
				CLANG_WARN_CONSTANT_CONVERSION = YES;
				CLANG_WARN_DEPRECATED_OBJC_IMPLEMENTATIONS = YES;
				CLANG_WARN_DIRECT_OBJC_ISA_USAGE = YES_ERROR;
				CLANG_WARN_DOCUMENTATION_COMMENTS = YES;
				CLANG_WARN_EMPTY_BODY = YES;
				CLANG_WARN_ENUM_CONVERSION = YES;
				CLANG_WARN_INFINITE_RECURSION = YES;
				CLANG_WARN_INT_CONVERSION = YES;
				CLANG_WARN_NON_LITERAL_NULL_CONVERSION = YES;
				CLANG_WARN_OBJC_IMPLICIT_RETAIN_SELF = YES;
				CLANG_WARN_OBJC_LITERAL_CONVERSION = YES;
				CLANG_WARN_OBJC_ROOT_CLASS = YES_ERROR;
				CLANG_WARN_QUOTED_INCLUDE_IN_FRAMEWORK_HEADER = YES;
				CLANG_WARN_RANGE_LOOP_ANALYSIS = YES;
				CLANG_WARN_STRICT_PROTOTYPES = YES;
				CLANG_WARN_SUSPICIOUS_MOVE = YES;
				CLANG_WARN_UNGUARDED_AVAILABILITY = YES_AGGRESSIVE;
				CLANG_WARN_UNREACHABLE_CODE = YES;
				CLANG_WARN__DUPLICATE_METHOD_MATCH = YES;
				COPY_PHASE_STRIP = NO;
				DEBUG_INFORMATION_FORMAT = "dwarf-with-dsym";
				ENABLE_NS_ASSERTIONS = NO;
				ENABLE_STRICT_OBJC_MSGSEND = YES;
				GCC_C_LANGUAGE_STANDARD = gnu11;
				GCC_NO_COMMON_BLOCKS = YES;
				GCC_WARN_64_TO_32_BIT_CONVERSION = YES;
				GCC_WARN_ABOUT_RETURN_TYPE = YES_ERROR;
				GCC_WARN_UNDECLARED_SELECTOR = YES;
				GCC_WARN_UNINITIALIZED_AUTOS = YES_AGGRESSIVE;
				GCC_WARN_UNUSED_FUNCTION = YES;
				GCC_WARN_UNUSED_VARIABLE = YES;
				MTL_ENABLE_DEBUG_INFO = NO;
				MTL_FAST_MATH = YES;
				SWIFT_COMPILATION_MODE = wholemodule;
				SWIFT_OPTIMIZATION_LEVEL = "-O";
			};
			name = Release;
		};
		8D2EDAB0259CBCE5009519B6 /* Debug */ = {
			isa = XCBuildConfiguration;
			buildSettings = {
				ASSETCATALOG_COMPILER_APPICON_NAME = AppIcon;
				ASSETCATALOG_COMPILER_GLOBAL_ACCENT_COLOR_NAME = AccentColor;
				CODE_SIGN_STYLE = Automatic;
				DEVELOPMENT_TEAM = 7Z59E8EDBY;
				ENABLE_PREVIEWS = YES;
				INFOPLIST_FILE = iOS/Info.plist;
				IPHONEOS_DEPLOYMENT_TARGET = 14.0;
				LD_RUNPATH_SEARCH_PATHS = (
					"$(inherited)",
					"@executable_path/Frameworks",
				);
				PRODUCT_BUNDLE_IDENTIFIER = com.kiandr.helloWorld;
				PRODUCT_NAME = helloWorld;
				SDKROOT = iphoneos;
				SWIFT_VERSION = 5.0;
				TARGETED_DEVICE_FAMILY = "1,2";
			};
			name = Debug;
		};
		8D2EDAB1259CBCE5009519B6 /* Release */ = {
			isa = XCBuildConfiguration;
			buildSettings = {
				ASSETCATALOG_COMPILER_APPICON_NAME = AppIcon;
				ASSETCATALOG_COMPILER_GLOBAL_ACCENT_COLOR_NAME = AccentColor;
				CODE_SIGN_STYLE = Automatic;
				DEVELOPMENT_TEAM = 7Z59E8EDBY;
				ENABLE_PREVIEWS = YES;
				INFOPLIST_FILE = iOS/Info.plist;
				IPHONEOS_DEPLOYMENT_TARGET = 14.0;
				LD_RUNPATH_SEARCH_PATHS = (
					"$(inherited)",
					"@executable_path/Frameworks",
				);
				PRODUCT_BUNDLE_IDENTIFIER = com.kiandr.helloWorld;
				PRODUCT_NAME = helloWorld;
				SDKROOT = iphoneos;
				SWIFT_VERSION = 5.0;
				TARGETED_DEVICE_FAMILY = "1,2";
				VALIDATE_PRODUCT = YES;
			};
			name = Release;
		};
		8D2EDAB3259CBCE5009519B6 /* Debug */ = {
			isa = XCBuildConfiguration;
			buildSettings = {
				ASSETCATALOG_COMPILER_APPICON_NAME = AppIcon;
				ASSETCATALOG_COMPILER_GLOBAL_ACCENT_COLOR_NAME = AccentColor;
				CODE_SIGN_ENTITLEMENTS = macOS/macOS.entitlements;
				CODE_SIGN_STYLE = Automatic;
				COMBINE_HIDPI_IMAGES = YES;
				DEVELOPMENT_TEAM = 7Z59E8EDBY;
				ENABLE_HARDENED_RUNTIME = YES;
				ENABLE_PREVIEWS = YES;
				INFOPLIST_FILE = macOS/Info.plist;
				LD_RUNPATH_SEARCH_PATHS = (
					"$(inherited)",
					"@executable_path/../Frameworks",
				);
				MACOSX_DEPLOYMENT_TARGET = 11.0;
				PRODUCT_BUNDLE_IDENTIFIER = com.kiandr.helloWorld;
				PRODUCT_NAME = helloWorld;
				SDKROOT = macosx;
				SWIFT_VERSION = 5.0;
			};
			name = Debug;
		};
		8D2EDAB4259CBCE5009519B6 /* Release */ = {
			isa = XCBuildConfiguration;
			buildSettings = {
				ASSETCATALOG_COMPILER_APPICON_NAME = AppIcon;
				ASSETCATALOG_COMPILER_GLOBAL_ACCENT_COLOR_NAME = AccentColor;
				CODE_SIGN_ENTITLEMENTS = macOS/macOS.entitlements;
				CODE_SIGN_STYLE = Automatic;
				COMBINE_HIDPI_IMAGES = YES;
				DEVELOPMENT_TEAM = 7Z59E8EDBY;
				ENABLE_HARDENED_RUNTIME = YES;
				ENABLE_PREVIEWS = YES;
				INFOPLIST_FILE = macOS/Info.plist;
				LD_RUNPATH_SEARCH_PATHS = (
					"$(inherited)",
					"@executable_path/../Frameworks",
				);
				MACOSX_DEPLOYMENT_TARGET = 11.0;
				PRODUCT_BUNDLE_IDENTIFIER = com.kiandr.helloWorld;
				PRODUCT_NAME = helloWorld;
				SDKROOT = macosx;
				SWIFT_VERSION = 5.0;
			};
			name = Release;
		};
		8D2EDAB6259CBCE5009519B6 /* Debug */ = {
			isa = XCBuildConfiguration;
			buildSettings = {
				ALWAYS_EMBED_SWIFT_STANDARD_LIBRARIES = YES;
				CODE_SIGN_STYLE = Automatic;
				DEVELOPMENT_TEAM = 7Z59E8EDBY;
				INFOPLIST_FILE = "Tests iOS/Info.plist";
				IPHONEOS_DEPLOYMENT_TARGET = 14.3;
				LD_RUNPATH_SEARCH_PATHS = (
					"$(inherited)",
					"@executable_path/Frameworks",
					"@loader_path/Frameworks",
				);
				PRODUCT_BUNDLE_IDENTIFIER = "com.kiandr.Tests-iOS";
				PRODUCT_NAME = "$(TARGET_NAME)";
				SDKROOT = iphoneos;
				SWIFT_VERSION = 5.0;
				TARGETED_DEVICE_FAMILY = "1,2";
				TEST_TARGET_NAME = "helloWorld (iOS)";
			};
			name = Debug;
		};
		8D2EDAB7259CBCE5009519B6 /* Release */ = {
			isa = XCBuildConfiguration;
			buildSettings = {
				ALWAYS_EMBED_SWIFT_STANDARD_LIBRARIES = YES;
				CODE_SIGN_STYLE = Automatic;
				DEVELOPMENT_TEAM = 7Z59E8EDBY;
				INFOPLIST_FILE = "Tests iOS/Info.plist";
				IPHONEOS_DEPLOYMENT_TARGET = 14.3;
				LD_RUNPATH_SEARCH_PATHS = (
					"$(inherited)",
					"@executable_path/Frameworks",
					"@loader_path/Frameworks",
				);
				PRODUCT_BUNDLE_IDENTIFIER = "com.kiandr.Tests-iOS";
				PRODUCT_NAME = "$(TARGET_NAME)";
				SDKROOT = iphoneos;
				SWIFT_VERSION = 5.0;
				TARGETED_DEVICE_FAMILY = "1,2";
				TEST_TARGET_NAME = "helloWorld (iOS)";
				VALIDATE_PRODUCT = YES;
			};
			name = Release;
		};
		8D2EDAB9259CBCE5009519B6 /* Debug */ = {
			isa = XCBuildConfiguration;
			buildSettings = {
				ALWAYS_EMBED_SWIFT_STANDARD_LIBRARIES = YES;
				CODE_SIGN_STYLE = Automatic;
				COMBINE_HIDPI_IMAGES = YES;
				DEVELOPMENT_TEAM = 7Z59E8EDBY;
				INFOPLIST_FILE = "Tests macOS/Info.plist";
				LD_RUNPATH_SEARCH_PATHS = (
					"$(inherited)",
					"@executable_path/../Frameworks",
					"@loader_path/../Frameworks",
				);
				MACOSX_DEPLOYMENT_TARGET = 11.1;
				PRODUCT_BUNDLE_IDENTIFIER = "com.kiandr.Tests-macOS";
				PRODUCT_NAME = "$(TARGET_NAME)";
				SDKROOT = macosx;
				SWIFT_VERSION = 5.0;
				TEST_TARGET_NAME = "helloWorld (macOS)";
			};
			name = Debug;
		};
		8D2EDABA259CBCE5009519B6 /* Release */ = {
			isa = XCBuildConfiguration;
			buildSettings = {
				ALWAYS_EMBED_SWIFT_STANDARD_LIBRARIES = YES;
				CODE_SIGN_STYLE = Automatic;
				COMBINE_HIDPI_IMAGES = YES;
				DEVELOPMENT_TEAM = 7Z59E8EDBY;
				INFOPLIST_FILE = "Tests macOS/Info.plist";
				LD_RUNPATH_SEARCH_PATHS = (
					"$(inherited)",
					"@executable_path/../Frameworks",
					"@loader_path/../Frameworks",
				);
				MACOSX_DEPLOYMENT_TARGET = 11.1;
				PRODUCT_BUNDLE_IDENTIFIER = "com.kiandr.Tests-macOS";
				PRODUCT_NAME = "$(TARGET_NAME)";
				SDKROOT = macosx;
				SWIFT_VERSION = 5.0;
				TEST_TARGET_NAME = "helloWorld (macOS)";
			};
			name = Release;
		};
/* End XCBuildConfiguration section */

/* Begin XCConfigurationList section */
		8D2EDA75259CBCE4009519B6 /* Build configuration list for PBXProject "helloWorld" */ = {
			isa = XCConfigurationList;
			buildConfigurations = (
				8D2EDAAD259CBCE5009519B6 /* Debug */,
				8D2EDAAE259CBCE5009519B6 /* Release */,
			);
			defaultConfigurationIsVisible = 0;
			defaultConfigurationName = Release;
		};
		8D2EDAAF259CBCE5009519B6 /* Build configuration list for PBXNativeTarget "helloWorld (iOS)" */ = {
			isa = XCConfigurationList;
			buildConfigurations = (
				8D2EDAB0259CBCE5009519B6 /* Debug */,
				8D2EDAB1259CBCE5009519B6 /* Release */,
			);
			defaultConfigurationIsVisible = 0;
			defaultConfigurationName = Release;
		};
		8D2EDAB2259CBCE5009519B6 /* Build configuration list for PBXNativeTarget "helloWorld (macOS)" */ = {
			isa = XCConfigurationList;
			buildConfigurations = (
				8D2EDAB3259CBCE5009519B6 /* Debug */,
				8D2EDAB4259CBCE5009519B6 /* Release */,
			);
			defaultConfigurationIsVisible = 0;
			defaultConfigurationName = Release;
		};
		8D2EDAB5259CBCE5009519B6 /* Build configuration list for PBXNativeTarget "Tests iOS" */ = {
			isa = XCConfigurationList;
			buildConfigurations = (
				8D2EDAB6259CBCE5009519B6 /* Debug */,
				8D2EDAB7259CBCE5009519B6 /* Release */,
			);
			defaultConfigurationIsVisible = 0;
			defaultConfigurationName = Release;
		};
		8D2EDAB8259CBCE5009519B6 /* Build configuration list for PBXNativeTarget "Tests macOS" */ = {
			isa = XCConfigurationList;
			buildConfigurations = (
				8D2EDAB9259CBCE5009519B6 /* Debug */,
				8D2EDABA259CBCE5009519B6 /* Release */,
			);
			defaultConfigurationIsVisible = 0;
			defaultConfigurationName = Release;
		};
/* End XCConfigurationList section */

/* Begin XCVersionGroup section */
		8D2EDA77259CBCE4009519B6 /* helloWorld.xcdatamodeld */ = {
			isa = XCVersionGroup;
			children = (
				8D2EDA78259CBCE4009519B6 /* Shared.xcdatamodel */,
			);
			currentVersion = 8D2EDA78259CBCE4009519B6 /* Shared.xcdatamodel */;
			path = helloWorld.xcdatamodeld;
			sourceTree = "<group>";
			versionGroupType = wrapper.xcdatamodel;
		};
/* End XCVersionGroup section */
	};
	rootObject = 8D2EDA72259CBCE4009519B6 /* Project object */;
}
